// !$*UTF8*$!
{
	archiveVersion = 1;
	classes = {
	};
	objectVersion = 50;
	objects = {

/* Begin PBXBuildFile section */
		1208602225F6476300B77A9C /* RoundedButton.swift in Sources */ = {isa = PBXBuildFile; fileRef = 1208602125F6476300B77A9C /* RoundedButton.swift */; };
		1208602C25F660E800B77A9C /* BorderedStackView.swift in Sources */ = {isa = PBXBuildFile; fileRef = 1208602B25F660E800B77A9C /* BorderedStackView.swift */; };
		120C00B125F3EB7300B21F90 /* AppDelegate.swift in Sources */ = {isa = PBXBuildFile; fileRef = 120C00B025F3EB7300B21F90 /* AppDelegate.swift */; };
		120C00B325F3EB7300B21F90 /* SceneDelegate.swift in Sources */ = {isa = PBXBuildFile; fileRef = 120C00B225F3EB7300B21F90 /* SceneDelegate.swift */; };
		120C00B525F3EB7300B21F90 /* WelcomeViewController.swift in Sources */ = {isa = PBXBuildFile; fileRef = 120C00B425F3EB7300B21F90 /* WelcomeViewController.swift */; };
		120C00B825F3EB7300B21F90 /* Main.storyboard in Resources */ = {isa = PBXBuildFile; fileRef = 120C00B625F3EB7300B21F90 /* Main.storyboard */; };
		120C00BA25F3EB7600B21F90 /* Assets.xcassets in Resources */ = {isa = PBXBuildFile; fileRef = 120C00B925F3EB7600B21F90 /* Assets.xcassets */; };
		120C00BD25F3EB7600B21F90 /* LaunchScreen.storyboard in Resources */ = {isa = PBXBuildFile; fileRef = 120C00BB25F3EB7600B21F90 /* LaunchScreen.storyboard */; };
		120C00D425F4278400B21F90 /* QuestionsViewController.swift in Sources */ = {isa = PBXBuildFile; fileRef = 120C00D325F4278400B21F90 /* QuestionsViewController.swift */; };
		120C00DB25F54D2F00B21F90 /* UIButtonExtends.swift in Sources */ = {isa = PBXBuildFile; fileRef = 120C00DA25F54D2F00B21F90 /* UIButtonExtends.swift */; };
		120C00E425F568C400B21F90 /* EllipseButton.swift in Sources */ = {isa = PBXBuildFile; fileRef = 120C00E325F568C400B21F90 /* EllipseButton.swift */; };
		1248A4C025F8FBD600183E65 /* ResultViewController.swift in Sources */ = {isa = PBXBuildFile; fileRef = 1248A4BF25F8FBD600183E65 /* ResultViewController.swift */; };
/* End PBXBuildFile section */

/* Begin PBXFileReference section */
		1208602125F6476300B77A9C /* RoundedButton.swift */ = {isa = PBXFileReference; lastKnownFileType = sourcecode.swift; path = RoundedButton.swift; sourceTree = "<group>"; };
		1208602B25F660E800B77A9C /* BorderedStackView.swift */ = {isa = PBXFileReference; lastKnownFileType = sourcecode.swift; path = BorderedStackView.swift; sourceTree = "<group>"; };
		120C00AD25F3EB7300B21F90 /* Quiz Wheelchair.app */ = {isa = PBXFileReference; explicitFileType = wrapper.application; includeInIndex = 0; path = "Quiz Wheelchair.app"; sourceTree = BUILT_PRODUCTS_DIR; };
		120C00B025F3EB7300B21F90 /* AppDelegate.swift */ = {isa = PBXFileReference; lastKnownFileType = sourcecode.swift; path = AppDelegate.swift; sourceTree = "<group>"; };
		120C00B225F3EB7300B21F90 /* SceneDelegate.swift */ = {isa = PBXFileReference; lastKnownFileType = sourcecode.swift; path = SceneDelegate.swift; sourceTree = "<group>"; };
		120C00B425F3EB7300B21F90 /* WelcomeViewController.swift */ = {isa = PBXFileReference; lastKnownFileType = sourcecode.swift; path = WelcomeViewController.swift; sourceTree = "<group>"; };
		120C00B725F3EB7300B21F90 /* Base */ = {isa = PBXFileReference; lastKnownFileType = file.storyboard; name = Base; path = Base.lproj/Main.storyboard; sourceTree = "<group>"; };
		120C00B925F3EB7600B21F90 /* Assets.xcassets */ = {isa = PBXFileReference; lastKnownFileType = folder.assetcatalog; path = Assets.xcassets; sourceTree = "<group>"; };
		120C00BC25F3EB7600B21F90 /* Base */ = {isa = PBXFileReference; lastKnownFileType = file.storyboard; name = Base; path = Base.lproj/LaunchScreen.storyboard; sourceTree = "<group>"; };
		120C00BE25F3EB7600B21F90 /* Info.plist */ = {isa = PBXFileReference; lastKnownFileType = text.plist.xml; path = Info.plist; sourceTree = "<group>"; };
		120C00D325F4278400B21F90 /* QuestionsViewController.swift */ = {isa = PBXFileReference; lastKnownFileType = sourcecode.swift; path = QuestionsViewController.swift; sourceTree = "<group>"; };
		120C00DA25F54D2F00B21F90 /* UIButtonExtends.swift */ = {isa = PBXFileReference; lastKnownFileType = sourcecode.swift; path = UIButtonExtends.swift; sourceTree = "<group>"; };
		120C00E325F568C400B21F90 /* EllipseButton.swift */ = {isa = PBXFileReference; lastKnownFileType = sourcecode.swift; path = EllipseButton.swift; sourceTree = "<group>"; };
		1248A4BF25F8FBD600183E65 /* ResultViewController.swift */ = {isa = PBXFileReference; lastKnownFileType = sourcecode.swift; path = ResultViewController.swift; sourceTree = "<group>"; };
/* End PBXFileReference section */

/* Begin PBXFrameworksBuildPhase section */
		120C00AA25F3EB7300B21F90 /* Frameworks */ = {
			isa = PBXFrameworksBuildPhase;
			buildActionMask = 2147483647;
			files = (
			);
			runOnlyForDeploymentPostprocessing = 0;
		};
/* End PBXFrameworksBuildPhase section */

/* Begin PBXGroup section */
		120C00A425F3EB7300B21F90 = {
			isa = PBXGroup;
			children = (
				120C00AF25F3EB7300B21F90 /* Quiz Wheelchair */,
				120C00AE25F3EB7300B21F90 /* Products */,
			);
			sourceTree = "<group>";
		};
		120C00AE25F3EB7300B21F90 /* Products */ = {
			isa = PBXGroup;
			children = (
				120C00AD25F3EB7300B21F90 /* Quiz Wheelchair.app */,
			);
			name = Products;
			sourceTree = "<group>";
		};
		120C00AF25F3EB7300B21F90 /* Quiz Wheelchair */ = {
			isa = PBXGroup;
			children = (
				120C00DE25F5684F00B21F90 /* Design */,
				120C00D925F54CFD00B21F90 /* Extends */,
				120C00B025F3EB7300B21F90 /* AppDelegate.swift */,
				120C00B925F3EB7600B21F90 /* Assets.xcassets */,
				120C00BE25F3EB7600B21F90 /* Info.plist */,
				120C00BB25F3EB7600B21F90 /* LaunchScreen.storyboard */,
				120C00B625F3EB7300B21F90 /* Main.storyboard */,
				120C00B225F3EB7300B21F90 /* SceneDelegate.swift */,
				120C00D625F42C5200B21F90 /* View Controllers */,
			);
			path = "Quiz Wheelchair";
			sourceTree = "<group>";
		};
		120C00D625F42C5200B21F90 /* View Controllers */ = {
			isa = PBXGroup;
			children = (
				120C00B425F3EB7300B21F90 /* WelcomeViewController.swift */,
				120C00D325F4278400B21F90 /* QuestionsViewController.swift */,
				1248A4BF25F8FBD600183E65 /* ResultViewController.swift */,
			);
			path = "View Controllers";
			sourceTree = "<group>";
		};
		120C00D925F54CFD00B21F90 /* Extends */ = {
			isa = PBXGroup;
			children = (
				120C00DA25F54D2F00B21F90 /* UIButtonExtends.swift */,
			);
			path = Extends;
			sourceTree = "<group>";
		};
		120C00DE25F5684F00B21F90 /* Design */ = {
			isa = PBXGroup;
			children = (
				120C00E325F568C400B21F90 /* EllipseButton.swift */,
				1208602125F6476300B77A9C /* RoundedButton.swift */,
				1208602B25F660E800B77A9C /* BorderedStackView.swift */,
			);
			path = Design;
			sourceTree = "<group>";
		};
/* End PBXGroup section */

/* Begin PBXNativeTarget section */
		120C00AC25F3EB7300B21F90 /* Quiz Wheelchair */ = {
			isa = PBXNativeTarget;
			buildConfigurationList = 120C00C125F3EB7600B21F90 /* Build configuration list for PBXNativeTarget "Quiz Wheelchair" */;
			buildPhases = (
				120C00A925F3EB7300B21F90 /* Sources */,
				120C00AA25F3EB7300B21F90 /* Frameworks */,
				120C00AB25F3EB7300B21F90 /* Resources */,
			);
			buildRules = (
			);
			dependencies = (
			);
			name = "Quiz Wheelchair";
			productName = "Quiz Wheelchair";
			productReference = 120C00AD25F3EB7300B21F90 /* Quiz Wheelchair.app */;
			productType = "com.apple.product-type.application";
		};
/* End PBXNativeTarget section */

/* Begin PBXProject section */
		120C00A525F3EB7300B21F90 /* Project object */ = {
			isa = PBXProject;
			attributes = {
				LastSwiftUpdateCheck = 1240;
				LastUpgradeCheck = 1240;
				TargetAttributes = {
					120C00AC25F3EB7300B21F90 = {
						CreatedOnToolsVersion = 12.4;
					};
				};
			};
			buildConfigurationList = 120C00A825F3EB7300B21F90 /* Build configuration list for PBXProject "Quiz Wheelchair" */;
			compatibilityVersion = "Xcode 9.3";
			developmentRegion = en;
			hasScannedForEncodings = 0;
			knownRegions = (
				en,
				Base,
			);
			mainGroup = 120C00A425F3EB7300B21F90;
			productRefGroup = 120C00AE25F3EB7300B21F90 /* Products */;
			projectDirPath = "";
			projectRoot = "";
			targets = (
				120C00AC25F3EB7300B21F90 /* Quiz Wheelchair */,
			);
		};
/* End PBXProject section */

/* Begin PBXResourcesBuildPhase section */
		120C00AB25F3EB7300B21F90 /* Resources */ = {
			isa = PBXResourcesBuildPhase;
			buildActionMask = 2147483647;
			files = (
				120C00BD25F3EB7600B21F90 /* LaunchScreen.storyboard in Resources */,
				120C00BA25F3EB7600B21F90 /* Assets.xcassets in Resources */,
				120C00B825F3EB7300B21F90 /* Main.storyboard in Resources */,
			);
			runOnlyForDeploymentPostprocessing = 0;
		};
/* End PBXResourcesBuildPhase section */

/* Begin PBXSourcesBuildPhase section */
		120C00A925F3EB7300B21F90 /* Sources */ = {
			isa = PBXSourcesBuildPhase;
			buildActionMask = 2147483647;
			files = (
				120C00B525F3EB7300B21F90 /* WelcomeViewController.swift in Sources */,
				120C00DB25F54D2F00B21F90 /* UIButtonExtends.swift in Sources */,
				120C00E425F568C400B21F90 /* EllipseButton.swift in Sources */,
				120C00B125F3EB7300B21F90 /* AppDelegate.swift in Sources */,
				1208602225F6476300B77A9C /* RoundedButton.swift in Sources */,
				120C00D425F4278400B21F90 /* QuestionsViewController.swift in Sources */,
				1208602C25F660E800B77A9C /* BorderedStackView.swift in Sources */,
				120C00B325F3EB7300B21F90 /* SceneDelegate.swift in Sources */,
				1248A4C025F8FBD600183E65 /* ResultViewController.swift in Sources */,
			);
			runOnlyForDeploymentPostprocessing = 0;
		};
/* End PBXSourcesBuildPhase section */

/* Begin PBXVariantGroup section */
		120C00B625F3EB7300B21F90 /* Main.storyboard */ = {
			isa = PBXVariantGroup;
			children = (
				120C00B725F3EB7300B21F90 /* Base */,
			);
			name = Main.storyboard;
			sourceTree = "<group>";
		};
		120C00BB25F3EB7600B21F90 /* LaunchScreen.storyboard */ = {
			isa = PBXVariantGroup;
			children = (
				120C00BC25F3EB7600B21F90 /* Base */,
			);
			name = LaunchScreen.storyboard;
			sourceTree = "<group>";
		};
/* End PBXVariantGroup section */

/* Begin XCBuildConfiguration section */
		120C00BF25F3EB7600B21F90 /* Debug */ = {
			isa = XCBuildConfiguration;
			buildSettings = {
				ALWAYS_SEARCH_USER_PATHS = NO;
				CLANG_ANALYZER_NONNULL = YES;
				CLANG_ANALYZER_NUMBER_OBJECT_CONVERSION = YES_AGGRESSIVE;
				CLANG_CXX_LANGUAGE_STANDARD = "gnu++14";
				CLANG_CXX_LIBRARY = "libc++";
				CLANG_ENABLE_MODULES = YES;
				CLANG_ENABLE_OBJC_ARC = YES;
				CLANG_ENABLE_OBJC_WEAK = YES;
				CLANG_WARN_BLOCK_CAPTURE_AUTORELEASING = YES;
				CLANG_WARN_BOOL_CONVERSION = YES;
				CLANG_WARN_COMMA = YES;
				CLANG_WARN_CONSTANT_CONVERSION = YES;
				CLANG_WARN_DEPRECATED_OBJC_IMPLEMENTATIONS = YES;
				CLANG_WARN_DIRECT_OBJC_ISA_USAGE = YES_ERROR;
				CLANG_WARN_DOCUMENTATION_COMMENTS = YES;
				CLANG_WARN_EMPTY_BODY = YES;
				CLANG_WARN_ENUM_CONVERSION = YES;
				CLANG_WARN_INFINITE_RECURSION = YES;
				CLANG_WARN_INT_CONVERSION = YES;
				CLANG_WARN_NON_LITERAL_NULL_CONVERSION = YES;
				CLANG_WARN_OBJC_IMPLICIT_RETAIN_SELF = YES;
				CLANG_WARN_OBJC_LITERAL_CONVERSION = YES;
				CLANG_WARN_OBJC_ROOT_CLASS = YES_ERROR;
				CLANG_WARN_QUOTED_INCLUDE_IN_FRAMEWORK_HEADER = YES;
				CLANG_WARN_RANGE_LOOP_ANALYSIS = YES;
				CLANG_WARN_STRICT_PROTOTYPES = YES;
				CLANG_WARN_SUSPICIOUS_MOVE = YES;
				CLANG_WARN_UNGUARDED_AVAILABILITY = YES_AGGRESSIVE;
				CLANG_WARN_UNREACHABLE_CODE = YES;
				CLANG_WARN__DUPLICATE_METHOD_MATCH = YES;
				COPY_PHASE_STRIP = NO;
				DEBUG_INFORMATION_FORMAT = dwarf;
				ENABLE_STRICT_OBJC_MSGSEND = YES;
				ENABLE_TESTABILITY = YES;
				GCC_C_LANGUAGE_STANDARD = gnu11;
				GCC_DYNAMIC_NO_PIC = NO;
				GCC_NO_COMMON_BLOCKS = YES;
				GCC_OPTIMIZATION_LEVEL = 0;
				GCC_PREPROCESSOR_DEFINITIONS = (
					"DEBUG=1",
					"$(inherited)",
				);
				GCC_WARN_64_TO_32_BIT_CONVERSION = YES;
				GCC_WARN_ABOUT_RETURN_TYPE = YES_ERROR;
				GCC_WARN_UNDECLARED_SELECTOR = YES;
				GCC_WARN_UNINITIALIZED_AUTOS = YES_AGGRESSIVE;
				GCC_WARN_UNUSED_FUNCTION = YES;
				GCC_WARN_UNUSED_VARIABLE = YES;
				IPHONEOS_DEPLOYMENT_TARGET = 14.4;
				MTL_ENABLE_DEBUG_INFO = INCLUDE_SOURCE;
				MTL_FAST_MATH = YES;
				ONLY_ACTIVE_ARCH = YES;
				SDKROOT = iphoneos;
				SWIFT_ACTIVE_COMPILATION_CONDITIONS = DEBUG;
				SWIFT_OPTIMIZATION_LEVEL = "-Onone";
			};
			name = Debug;
		};
		120C00C025F3EB7600B21F90 /* Release */ = {
			isa = XCBuildConfiguration;
			buildSettings = {
				ALWAYS_SEARCH_USER_PATHS = NO;
				CLANG_ANALYZER_NONNULL = YES;
				CLANG_ANALYZER_NUMBER_OBJECT_CONVERSION = YES_AGGRESSIVE;
				CLANG_CXX_LANGUAGE_STANDARD = "gnu++14";
				CLANG_CXX_LIBRARY = "libc++";
				CLANG_ENABLE_MODULES = YES;
				CLANG_ENABLE_OBJC_ARC = YES;
				CLANG_ENABLE_OBJC_WEAK = YES;
				CLANG_WARN_BLOCK_CAPTURE_AUTORELEASING = YES;
				CLANG_WARN_BOOL_CONVERSION = YES;
				CLANG_WARN_COMMA = YES;
				CLANG_WARN_CONSTANT_CONVERSION = YES;
				CLANG_WARN_DEPRECATED_OBJC_IMPLEMENTATIONS = YES;
				CLANG_WARN_DIRECT_OBJC_ISA_USAGE = YES_ERROR;
				CLANG_WARN_DOCUMENTATION_COMMENTS = YES;
				CLANG_WARN_EMPTY_BODY = YES;
				CLANG_WARN_ENUM_CONVERSION = YES;
				CLANG_WARN_INFINITE_RECURSION = YES;
				CLANG_WARN_INT_CONVERSION = YES;
				CLANG_WARN_NON_LITERAL_NULL_CONVERSION = YES;
				CLANG_WARN_OBJC_IMPLICIT_RETAIN_SELF = YES;
				CLANG_WARN_OBJC_LITERAL_CONVERSION = YES;
				CLANG_WARN_OBJC_ROOT_CLASS = YES_ERROR;
				CLANG_WARN_QUOTED_INCLUDE_IN_FRAMEWORK_HEADER = YES;
				CLANG_WARN_RANGE_LOOP_ANALYSIS = YES;
				CLANG_WARN_STRICT_PROTOTYPES = YES;
				CLANG_WARN_SUSPICIOUS_MOVE = YES;
				CLANG_WARN_UNGUARDED_AVAILABILITY = YES_AGGRESSIVE;
				CLANG_WARN_UNREACHABLE_CODE = YES;
				CLANG_WARN__DUPLICATE_METHOD_MATCH = YES;
				COPY_PHASE_STRIP = NO;
				DEBUG_INFORMATION_FORMAT = "dwarf-with-dsym";
				ENABLE_NS_ASSERTIONS = NO;
				ENABLE_STRICT_OBJC_MSGSEND = YES;
				GCC_C_LANGUAGE_STANDARD = gnu11;
				GCC_NO_COMMON_BLOCKS = YES;
				GCC_WARN_64_TO_32_BIT_CONVERSION = YES;
				GCC_WARN_ABOUT_RETURN_TYPE = YES_ERROR;
				GCC_WARN_UNDECLARED_SELECTOR = YES;
				GCC_WARN_UNINITIALIZED_AUTOS = YES_AGGRESSIVE;
				GCC_WARN_UNUSED_FUNCTION = YES;
				GCC_WARN_UNUSED_VARIABLE = YES;
				IPHONEOS_DEPLOYMENT_TARGET = 14.4;
				MTL_ENABLE_DEBUG_INFO = NO;
				MTL_FAST_MATH = YES;
				SDKROOT = iphoneos;
				SWIFT_COMPILATION_MODE = wholemodule;
				SWIFT_OPTIMIZATION_LEVEL = "-O";
				VALIDATE_PRODUCT = YES;
			};
			name = Release;
		};
		120C00C225F3EB7600B21F90 /* Debug */ = {
			isa = XCBuildConfiguration;
			buildSettings = {
				ASSETCATALOG_COMPILER_APPICON_NAME = AppIcon;
				ASSETCATALOG_COMPILER_GLOBAL_ACCENT_COLOR_NAME = AccentColor;
				CODE_SIGN_STYLE = Automatic;
				DEVELOPMENT_TEAM = N46BF4X43P;
				INFOPLIST_FILE = "Quiz Wheelchair/Info.plist";
				LD_RUNPATH_SEARCH_PATHS = (
					"$(inherited)",
					"@executable_path/Frameworks",
				);
				PRODUCT_BUNDLE_IDENTIFIER = "ru.concept360.Quiz-Wheelchair";
				PRODUCT_NAME = "$(TARGET_NAME)";
				SWIFT_VERSION = 5.0;
				TARGETED_DEVICE_FAMILY = "1,2";
			};
			name = Debug;
		};
		120C00C325F3EB7600B21F90 /* Release */ = {
			isa = XCBuildConfiguration;
			buildSettings = {
				ASSETCATALOG_COMPILER_APPICON_NAME = AppIcon;
				ASSETCATALOG_COMPILER_GLOBAL_ACCENT_COLOR_NAME = AccentColor;
				CODE_SIGN_STYLE = Automatic;
				DEVELOPMENT_TEAM = N46BF4X43P;
				INFOPLIST_FILE = "Quiz Wheelchair/Info.plist";
				LD_RUNPATH_SEARCH_PATHS = (
					"$(inherited)",
					"@executable_path/Frameworks",
				);
				PRODUCT_BUNDLE_IDENTIFIER = "ru.concept360.Quiz-Wheelchair";
				PRODUCT_NAME = "$(TARGET_NAME)";
				SWIFT_VERSION = 5.0;
				TARGETED_DEVICE_FAMILY = "1,2";
			};
			name = Release;
		};
/* End XCBuildConfiguration section */

/* Begin XCConfigurationList section */
		120C00A825F3EB7300B21F90 /* Build configuration list for PBXProject "Quiz Wheelchair" */ = {
			isa = XCConfigurationList;
			buildConfigurations = (
				120C00BF25F3EB7600B21F90 /* Debug */,
				120C00C025F3EB7600B21F90 /* Release */,
			);
			defaultConfigurationIsVisible = 0;
			defaultConfigurationName = Release;
		};
		120C00C125F3EB7600B21F90 /* Build configuration list for PBXNativeTarget "Quiz Wheelchair" */ = {
			isa = XCConfigurationList;
			buildConfigurations = (
				120C00C225F3EB7600B21F90 /* Debug */,
				120C00C325F3EB7600B21F90 /* Release */,
			);
			defaultConfigurationIsVisible = 0;
			defaultConfigurationName = Release;
		};
/* End XCConfigurationList section */
	};
	rootObject = 120C00A525F3EB7300B21F90 /* Project object */;
}
